{
  "name": "@opensuggest/extension",
  "version": "0.1.0",
  "lockfileVersion": 3,
  "requires": true,
  "packages": {
    "": {
      "name": "@opensuggest/extension",
      "version": "0.1.0",
      "dependencies": {
        "opensuggest999": "file:../.."
      },
      "devDependencies": {
        "@types/vscode": "^1.90.0"
      },
      "engines": {
        "vscode": "^1.90.0"
      }
    },
    "../..": {
      "name": "opensuggest999",
      "version": "0.1.0",
      "devDependencies": {
        "@types/node": "^22.15.3",
        "typescript": "^5.8.3",
        "vitest": "^3.2.4"
      }
    },
    "../../packages/shared-types": {
      "name": "@opensuggest/shared-types",
      "version": "0.1.0",
      "extraneous": true,
      "dependencies": {
        "zod": "^3.24.4"
      }
    },
    "node_modules/@types/vscode": {
      "version": "1.116.0",
      "resolved": "https://registry.npmjs.org/@types/vscode/-/vscode-1.116.0.tgz",
      "integrity": "sha512-sYHp4MO6BqJ2PD7Hjt0hlIS3tMaYsVPJrd0RUjDJ8HtOYnyJIEej0bLSccM8rE77WrC+Xox/kdBwEFDO8MsxNA==",
      "dev": true,
      "license": "MIT"
    },
    "node_modules/opensuggest999": {
      "resolved": "../..",
      "link": true
    }
  }
}
